
Microsoft Visual Studio Solution File, Format Version 12.00
# Visual Studio Version 17
VisualStudioVersion = 17.2.32519.379
MinimumVisualStudioVersion = 10.0.40219.1
Project("{9A19103F-16F7-4668-BE54-9A1E7A4F7556}") = "API", "API\API.csproj", "{B9F85AF9-18B0-4401-8A24-BB287494304B}"
EndProject
Project("{9A19103F-16F7-4668-BE54-9A1E7A4F7556}") = "Contracts", "Contracts\Contracts.csproj", "{C1A6FA1F-F960-451C-ABE7-DCC0C708624C}"
EndProject
Project("{9A19103F-16F7-4668-BE54-9A1E7A4F7556}") = "Entities", "Entities\Entities.csproj", "{21B2FD7F-D338-4BDB-934E-B9A824F64F1C}"
EndProject
Project("{9A19103F-16F7-4668-BE54-9A1E7A4F7556}") = "Repository", "Repository\Repository.csproj", "{04703872-CA59-4E30-ACDC-5D308E465338}"
EndProject
Project("{FAE04EC0-301F-11D3-BF4B-00C04F79EFBC}") = "mvc", "mvc\mvc.csproj", "{8EBB16F6-64EC-4DAE-B6FF-7FE14C46C390}"
EndProject
Global
	GlobalSection(SolutionConfigurationPlatforms) = preSolution
		Debug|Any CPU = Debug|Any CPU
		Release|Any CPU = Release|Any CPU
	EndGlobalSection
	GlobalSection(ProjectConfigurationPlatforms) = postSolution
		{B9F85AF9-18B0-4401-8A24-BB287494304B}.Debug|Any CPU.ActiveCfg = Debug|Any CPU
		{B9F85AF9-18B0-4401-8A24-BB287494304B}.Debug|Any CPU.Build.0 = Debug|Any CPU
		{B9F85AF9-18B0-4401-8A24-BB287494304B}.Release|Any CPU.ActiveCfg = Release|Any CPU
		{B9F85AF9-18B0-4401-8A24-BB287494304B}.Release|Any CPU.Build.0 = Release|Any CPU
		{C1A6FA1F-F960-451C-ABE7-DCC0C708624C}.Debug|Any CPU.ActiveCfg = Debug|Any CPU
		{C1A6FA1F-F960-451C-ABE7-DCC0C708624C}.Debug|Any CPU.Build.0 = Debug|Any CPU
		{C1A6FA1F-F960-451C-ABE7-DCC0C708624C}.Release|Any CPU.ActiveCfg = Release|Any CPU
		{C1A6FA1F-F960-451C-ABE7-DCC0C708624C}.Release|Any CPU.Build.0 = Release|Any CPU
		{21B2FD7F-D338-4BDB-934E-B9A824F64F1C}.Debug|Any CPU.ActiveCfg = Debug|Any CPU
		{21B2FD7F-D338-4BDB-934E-B9A824F64F1C}.Debug|Any CPU.Build.0 = Debug|Any CPU
		{21B2FD7F-D338-4BDB-934E-B9A824F64F1C}.Release|Any CPU.ActiveCfg = Release|Any CPU
		{21B2FD7F-D338-4BDB-934E-B9A824F64F1C}.Release|Any CPU.Build.0 = Release|Any CPU
		{04703872-CA59-4E30-ACDC-5D308E465338}.Debug|Any CPU.ActiveCfg = Debug|Any CPU
		{04703872-CA59-4E30-ACDC-5D308E465338}.Debug|Any CPU.Build.0 = Debug|Any CPU
		{04703872-CA59-4E30-ACDC-5D308E465338}.Release|Any CPU.ActiveCfg = Release|Any CPU
		{04703872-CA59-4E30-ACDC-5D308E465338}.Release|Any CPU.Build.0 = Release|Any CPU
		{8EBB16F6-64EC-4DAE-B6FF-7FE14C46C390}.Debug|Any CPU.ActiveCfg = Debug|Any CPU
		{8EBB16F6-64EC-4DAE-B6FF-7FE14C46C390}.Debug|Any CPU.Build.0 = Debug|Any CPU
		{8EBB16F6-64EC-4DAE-B6FF-7FE14C46C390}.Release|Any CPU.ActiveCfg = Release|Any CPU
		{8EBB16F6-64EC-4DAE-B6FF-7FE14C46C390}.Release|Any CPU.Build.0 = Release|Any CPU
	EndGlobalSection
	GlobalSection(SolutionProperties) = preSolution
		HideSolutionNode = FALSE
	EndGlobalSection
	GlobalSection(ExtensibilityGlobals) = postSolution
		SolutionGuid = {F24CCEF9-A0B8-4845-AFF7-6A8A8AAC67A9}
	EndGlobalSection
EndGlobal
